<?xml version="1.0" encoding="utf-8"?>
<Project ToolsVersion="4.0" xmlns="http://schemas.microsoft.com/developer/msbuild/2003">
  <ItemGroup>
    <Filter Include="资源文件">
      <UniqueIdentifier>{67DA6AB6-F800-4c08-8B7A-83BB121AAD01}</UniqueIdentifier>
      <Extensions>rc;ico;cur;bmp;dlg;rc2;rct;bin;rgs;gif;jpg;jpeg;jpe;resx;tiff;tif;png;wav;mfcribbon-ms</Extensions>
    </Filter>
    <Filter Include="文件">
      <UniqueIdentifier>{93995380-89BD-4b04-88EB-625FBE52EBFB}</UniqueIdentifier>
      <Extensions>h;hh;hpp;hxx;h++;hm;inl;inc;ipp;xsd</Extensions>
    </Filter>
    <Filter Include="文件\Common">
      <UniqueIdentifier>{d846be41-2612-442a-9256-0b9db6723fad}</UniqueIdentifier>
    </Filter>
    <Filter Include="文件\Basic">
      <UniqueIdentifier>{2464b152-0358-4c66-8f02-07fbe6c01c8b}</UniqueIdentifier>
    </Filter>
    <Filter Include="文件\Application">
      <UniqueIdentifier>{1611973a-0cd1-4f17-afeb-8e0041b15186}</UniqueIdentifier>
    </Filter>
  </ItemGroup>
  <ItemGroup>
    <ClCompile Include="main.cpp">
      <Filter>文件</Filter>
    </ClCompile>
    <ClCompile Include="Common\d3dApp.cpp">
      <Filter>文件\Common</Filter>
    </ClCompile>
    <ClCompile Include="Common\d3dUtil.cpp">
      <Filter>文件\Common</Filter>
    </ClCompile>
    <ClCompile Include="Common\DDSTextureLoader.cpp">
      <Filter>文件\Common</Filter>
    </ClCompile>
    <ClCompile Include="UploadBuffer.cpp">
      <Filter>文件\Basic</Filter>
    </ClCompile>
    <ClCompile Include="Device.cpp">
      <Filter>文件\Basic</Filter>
    </ClCompile>
    <ClCompile Include="CommandObject.cpp">
      <Filter>文件\Basic</Filter>
    </ClCompile>
  </ItemGroup>
  <ItemGroup>
    <ClInclude Include="Common\d3dApp.h">
      <Filter>文件\Common</Filter>
    </ClInclude>
    <ClInclude Include="Common\d3dUtil.h">
      <Filter>文件\Common</Filter>
    </ClInclude>
    <ClInclude Include="Common\d3dx12.h">
      <Filter>文件\Common</Filter>
    </ClInclude>
    <ClInclude Include="Common\DDSTextureLoader.h">
      <Filter>文件\Common</Filter>
    </ClInclude>
    <ClInclude Include="UploadBuffer.h">
      <Filter>文件\Basic</Filter>
    </ClInclude>
    <ClInclude Include="Device.h">
      <Filter>文件\Basic</Filter>
    </ClInclude>
    <ClInclude Include="CommandObject.h">
      <Filter>文件\Basic</Filter>
    </ClInclude>
  </ItemGroup>
</Project>