<?xml version="1.0" encoding="utf-8"?>
<Project ToolsVersion="4.0" xmlns="http://schemas.microsoft.com/developer/msbuild/2003">
  <ItemGroup>
    <Filter Include="头文件">
      <UniqueIdentifier>{93995380-89BD-4b04-88EB-625FBE52EBFB}</UniqueIdentifier>
      <Extensions>h;hh;hpp;hxx;hm;inl;inc;ipp;xsd</Extensions>
    </Filter>
    <Filter Include="资源文件">
      <UniqueIdentifier>{67DA6AB6-F800-4c08-8B7A-83BB121AAD01}</UniqueIdentifier>
      <Extensions>rc;ico;cur;bmp;dlg;rc2;rct;bin;rgs;gif;jpg;jpeg;jpe;resx;tiff;tif;png;wav;mfcribbon-ms</Extensions>
    </Filter>
    <Filter Include="头文件\Texture">
      <UniqueIdentifier>{e0acce0f-4d1e-4b2d-9fb4-dc5b3732be16}</UniqueIdentifier>
    </Filter>
    <Filter Include="头文件\Geometry">
      <UniqueIdentifier>{0643ebfe-1efd-4afa-aab7-73f714980185}</UniqueIdentifier>
    </Filter>
    <Filter Include="头文件\Scene">
      <UniqueIdentifier>{efefd37b-b7de-486a-b4d3-23429543e973}</UniqueIdentifier>
    </Filter>
    <Filter Include="头文件\Graphics">
      <UniqueIdentifier>{cdd198b7-81a6-48fc-8e43-db5b6bed0c03}</UniqueIdentifier>
    </Filter>
    <Filter Include="头文件\Application">
      <UniqueIdentifier>{ea4a8134-1934-46e7-96d7-5e5879125fda}</UniqueIdentifier>
    </Filter>
    <Filter Include="头文件\Resource">
      <UniqueIdentifier>{52c41383-f9f7-43f4-84e5-0a912a409a90}</UniqueIdentifier>
    </Filter>
  </ItemGroup>
  <ItemGroup>
    <ClCompile Include="Application.cpp">
      <Filter>头文件\Application</Filter>
    </ClCompile>
    <ClCompile Include="Timer.cpp">
      <Filter>头文件\Application</Filter>
    </ClCompile>
    <ClCompile Include="BaseGeometry.cpp">
      <Filter>头文件\Geometry</Filter>
    </ClCompile>
    <ClCompile Include="Transform.cpp">
      <Filter>头文件\Geometry</Filter>
    </ClCompile>
    <ClCompile Include="FrameBuffer.cpp">
      <Filter>头文件\Graphics</Filter>
    </ClCompile>
    <ClCompile Include="Graphics.cpp">
      <Filter>头文件\Graphics</Filter>
    </ClCompile>
    <ClCompile Include="Material.cpp">
      <Filter>头文件\Graphics</Filter>
    </ClCompile>
    <ClCompile Include="RenderCheck.cpp">
      <Filter>头文件\Graphics</Filter>
    </ClCompile>
    <ClCompile Include="Shader.cpp">
      <Filter>头文件\Graphics</Filter>
    </ClCompile>
    <ClCompile Include="ResourceLoad.cpp">
      <Filter>头文件\Resource</Filter>
    </ClCompile>
    <ClCompile Include="stb_image.cpp">
      <Filter>头文件\Resource</Filter>
    </ClCompile>
    <ClCompile Include="Camera.cpp">
      <Filter>头文件\Scene</Filter>
    </ClCompile>
    <ClCompile Include="Light.cpp">
      <Filter>头文件\Scene</Filter>
    </ClCompile>
    <ClCompile Include="Scene.cpp">
      <Filter>头文件\Scene</Filter>
    </ClCompile>
    <ClCompile Include="Texture2D.cpp">
      <Filter>头文件\Texture</Filter>
    </ClCompile>
    <ClCompile Include="Texture3D.cpp">
      <Filter>头文件\Texture</Filter>
    </ClCompile>
    <ClCompile Include="glad.c">
      <Filter>头文件</Filter>
    </ClCompile>
    <ClCompile Include="RenderSetting.cpp">
      <Filter>头文件</Filter>
    </ClCompile>
    <ClCompile Include="源.cpp">
      <Filter>头文件</Filter>
    </ClCompile>
  </ItemGroup>
  <ItemGroup>
    <ClInclude Include="Texture2D.h">
      <Filter>头文件\Texture</Filter>
    </ClInclude>
    <ClInclude Include="Transform.h">
      <Filter>头文件\Geometry</Filter>
    </ClInclude>
    <ClInclude Include="BaseGeometry.h">
      <Filter>头文件\Geometry</Filter>
    </ClInclude>
    <ClInclude Include="Texture3D.h">
      <Filter>头文件\Texture</Filter>
    </ClInclude>
    <ClInclude Include="Scene.h">
      <Filter>头文件\Scene</Filter>
    </ClInclude>
    <ClInclude Include="Light.h">
      <Filter>头文件\Scene</Filter>
    </ClInclude>
    <ClInclude Include="FrameBuffer.h">
      <Filter>头文件\Graphics</Filter>
    </ClInclude>
    <ClInclude Include="Graphics.h">
      <Filter>头文件\Graphics</Filter>
    </ClInclude>
    <ClInclude Include="Material.h">
      <Filter>头文件\Graphics</Filter>
    </ClInclude>
    <ClInclude Include="RenderCheck.h">
      <Filter>头文件\Graphics</Filter>
    </ClInclude>
    <ClInclude Include="RenderSetting.h">
      <Filter>头文件\Graphics</Filter>
    </ClInclude>
    <ClInclude Include="Camera.h">
      <Filter>头文件\Scene</Filter>
    </ClInclude>
    <ClInclude Include="Shader.h">
      <Filter>头文件\Graphics</Filter>
    </ClInclude>
    <ClInclude Include="Application.h">
      <Filter>头文件\Application</Filter>
    </ClInclude>
    <ClInclude Include="Controller.h">
      <Filter>头文件\Application</Filter>
    </ClInclude>
    <ClInclude Include="ResourceLoad.h">
      <Filter>头文件\Resource</Filter>
    </ClInclude>
    <ClInclude Include="stb_image.h">
      <Filter>头文件\Resource</Filter>
    </ClInclude>
    <ClInclude Include="Timer.h">
      <Filter>头文件\Application</Filter>
    </ClInclude>
    <ClInclude Include="InputManager.h">
      <Filter>头文件\Application</Filter>
    </ClInclude>
  </ItemGroup>
  <ItemGroup>
    <None Include="shader\shader_normal.frag">
      <Filter>资源文件</Filter>
    </None>
    <None Include="shader\shader_normal.vert">
      <Filter>资源文件</Filter>
    </None>
    <None Include="packages.config" />
    <None Include="shader\common\common.glsl">
      <Filter>资源文件</Filter>
    </None>
  </ItemGroup>
</Project>